// !$*UTF8*$!
{
	archiveVersion = 1;
	classes = {
	};
	objectVersion = 56;
	objects = {

/* Begin PBXBuildFile section */
		294C01402A3759730043AA98 /* AppDelegate.swift in Sources */ = {isa = PBXBuildFile; fileRef = 294C013F2A3759730043AA98 /* AppDelegate.swift */; };
		294C01422A3759730043AA98 /* SceneDelegate.swift in Sources */ = {isa = PBXBuildFile; fileRef = 294C01412A3759730043AA98 /* SceneDelegate.swift */; };
		294C01442A3759730043AA98 /* ViewController.swift in Sources */ = {isa = PBXBuildFile; fileRef = 294C01432A3759730043AA98 /* ViewController.swift */; };
		294C01472A3759730043AA98 /* Main.storyboard in Resources */ = {isa = PBXBuildFile; fileRef = 294C01452A3759730043AA98 /* Main.storyboard */; };
		294C01492A3759740043AA98 /* Assets.xcassets in Resources */ = {isa = PBXBuildFile; fileRef = 294C01482A3759740043AA98 /* Assets.xcassets */; };
		294C014C2A3759740043AA98 /* LaunchScreen.storyboard in Resources */ = {isa = PBXBuildFile; fileRef = 294C014A2A3759740043AA98 /* LaunchScreen.storyboard */; };
		294C01572A3759740043AA98 /* Noah_AppTests.swift in Sources */ = {isa = PBXBuildFile; fileRef = 294C01562A3759740043AA98 /* Noah_AppTests.swift */; };
		294C01612A3759740043AA98 /* Noah_AppUITests.swift in Sources */ = {isa = PBXBuildFile; fileRef = 294C01602A3759740043AA98 /* Noah_AppUITests.swift */; };
		294C01632A3759740043AA98 /* Noah_AppUITestsLaunchTests.swift in Sources */ = {isa = PBXBuildFile; fileRef = 294C01622A3759740043AA98 /* Noah_AppUITestsLaunchTests.swift */; };
/* End PBXBuildFile section */

/* Begin PBXContainerItemProxy section */
		294C01532A3759740043AA98 /* PBXContainerItemProxy */ = {
			isa = PBXContainerItemProxy;
			containerPortal = 294C01342A3759730043AA98 /* Project object */;
			proxyType = 1;
			remoteGlobalIDString = 294C013B2A3759730043AA98;
			remoteInfo = "Noah App";
		};
		294C015D2A3759740043AA98 /* PBXContainerItemProxy */ = {
			isa = PBXContainerItemProxy;
			containerPortal = 294C01342A3759730043AA98 /* Project object */;
			proxyType = 1;
			remoteGlobalIDString = 294C013B2A3759730043AA98;
			remoteInfo = "Noah App";
		};
/* End PBXContainerItemProxy section */

/* Begin PBXFileReference section */
		294C013C2A3759730043AA98 /* Noah App.app */ = {isa = PBXFileReference; explicitFileType = wrapper.application; includeInIndex = 0; path = "Noah App.app"; sourceTree = BUILT_PRODUCTS_DIR; };
		294C013F2A3759730043AA98 /* AppDelegate.swift */ = {isa = PBXFileReference; lastKnownFileType = sourcecode.swift; path = AppDelegate.swift; sourceTree = "<group>"; };
		294C01412A3759730043AA98 /* SceneDelegate.swift */ = {isa = PBXFileReference; lastKnownFileType = sourcecode.swift; path = SceneDelegate.swift; sourceTree = "<group>"; };
		294C01432A3759730043AA98 /* ViewController.swift */ = {isa = PBXFileReference; lastKnownFileType = sourcecode.swift; path = ViewController.swift; sourceTree = "<group>"; };
		294C01462A3759730043AA98 /* Base */ = {isa = PBXFileReference; lastKnownFileType = file.storyboard; name = Base; path = Base.lproj/Main.storyboard; sourceTree = "<group>"; };
		294C01482A3759740043AA98 /* Assets.xcassets */ = {isa = PBXFileReference; lastKnownFileType = folder.assetcatalog; path = Assets.xcassets; sourceTree = "<group>"; };
		294C014B2A3759740043AA98 /* Base */ = {isa = PBXFileReference; lastKnownFileType = file.storyboard; name = Base; path = Base.lproj/LaunchScreen.storyboard; sourceTree = "<group>"; };
		294C014D2A3759740043AA98 /* Info.plist */ = {isa = PBXFileReference; lastKnownFileType = text.plist.xml; path = Info.plist; sourceTree = "<group>"; };
		294C01522A3759740043AA98 /* Noah AppTests.xctest */ = {isa = PBXFileReference; explicitFileType = wrapper.cfbundle; includeInIndex = 0; path = "Noah AppTests.xctest"; sourceTree = BUILT_PRODUCTS_DIR; };
		294C01562A3759740043AA98 /* Noah_AppTests.swift */ = {isa = PBXFileReference; lastKnownFileType = sourcecode.swift; path = Noah_AppTests.swift; sourceTree = "<group>"; };
		294C015C2A3759740043AA98 /* Noah AppUITests.xctest */ = {isa = PBXFileReference; explicitFileType = wrapper.cfbundle; includeInIndex = 0; path = "Noah AppUITests.xctest"; sourceTree = BUILT_PRODUCTS_DIR; };
		294C01602A3759740043AA98 /* Noah_AppUITests.swift */ = {isa = PBXFileReference; lastKnownFileType = sourcecode.swift; path = Noah_AppUITests.swift; sourceTree = "<group>"; };
		294C01622A3759740043AA98 /* Noah_AppUITestsLaunchTests.swift */ = {isa = PBXFileReference; lastKnownFileType = sourcecode.swift; path = Noah_AppUITestsLaunchTests.swift; sourceTree = "<group>"; };
/* End PBXFileReference section */

/* Begin PBXFrameworksBuildPhase section */
		294C01392A3759730043AA98 /* Frameworks */ = {
			isa = PBXFrameworksBuildPhase;
			buildActionMask = 2147483647;
			files = (
			);
			runOnlyForDeploymentPostprocessing = 0;
		};
		294C014F2A3759740043AA98 /* Frameworks */ = {
			isa = PBXFrameworksBuildPhase;
			buildActionMask = 2147483647;
			files = (
			);
			runOnlyForDeploymentPostprocessing = 0;
		};
		294C01592A3759740043AA98 /* Frameworks */ = {
			isa = PBXFrameworksBuildPhase;
			buildActionMask = 2147483647;
			files = (
			);
			runOnlyForDeploymentPostprocessing = 0;
		};
/* End PBXFrameworksBuildPhase section */

/* Begin PBXGroup section */
		294C01332A3759730043AA98 = {
			isa = PBXGroup;
			children = (
				294C013E2A3759730043AA98 /* Noah App */,
				294C01552A3759740043AA98 /* Noah AppTests */,
				294C015F2A3759740043AA98 /* Noah AppUITests */,
				294C013D2A3759730043AA98 /* Products */,
			);
			sourceTree = "<group>";
		};
		294C013D2A3759730043AA98 /* Products */ = {
			isa = PBXGroup;
			children = (
				294C013C2A3759730043AA98 /* Noah App.app */,
				294C01522A3759740043AA98 /* Noah AppTests.xctest */,
				294C015C2A3759740043AA98 /* Noah AppUITests.xctest */,
			);
			name = Products;
			sourceTree = "<group>";
		};
		294C013E2A3759730043AA98 /* Noah App */ = {
			isa = PBXGroup;
			children = (
				294C013F2A3759730043AA98 /* AppDelegate.swift */,
				294C01412A3759730043AA98 /* SceneDelegate.swift */,
				294C01432A3759730043AA98 /* ViewController.swift */,
				294C01452A3759730043AA98 /* Main.storyboard */,
				294C01482A3759740043AA98 /* Assets.xcassets */,
				294C014A2A3759740043AA98 /* LaunchScreen.storyboard */,
				294C014D2A3759740043AA98 /* Info.plist */,
			);
			path = "Noah App";
			sourceTree = "<group>";
		};
		294C01552A3759740043AA98 /* Noah AppTests */ = {
			isa = PBXGroup;
			children = (
				294C01562A3759740043AA98 /* Noah_AppTests.swift */,
			);
			path = "Noah AppTests";
			sourceTree = "<group>";
		};
		294C015F2A3759740043AA98 /* Noah AppUITests */ = {
			isa = PBXGroup;
			children = (
				294C01602A3759740043AA98 /* Noah_AppUITests.swift */,
				294C01622A3759740043AA98 /* Noah_AppUITestsLaunchTests.swift */,
			);
			path = "Noah AppUITests";
			sourceTree = "<group>";
		};
/* End PBXGroup section */

/* Begin PBXNativeTarget section */
		294C013B2A3759730043AA98 /* Noah App */ = {
			isa = PBXNativeTarget;
			buildConfigurationList = 294C01662A3759740043AA98 /* Build configuration list for PBXNativeTarget "Noah App" */;
			buildPhases = (
				294C01382A3759730043AA98 /* Sources */,
				294C01392A3759730043AA98 /* Frameworks */,
				294C013A2A3759730043AA98 /* Resources */,
			);
			buildRules = (
			);
			dependencies = (
			);
			name = "Noah App";
			productName = "Noah App";
			productReference = 294C013C2A3759730043AA98 /* Noah App.app */;
			productType = "com.apple.product-type.application";
		};
		294C01512A3759740043AA98 /* Noah AppTests */ = {
			isa = PBXNativeTarget;
			buildConfigurationList = 294C01692A3759740043AA98 /* Build configuration list for PBXNativeTarget "Noah AppTests" */;
			buildPhases = (
				294C014E2A3759740043AA98 /* Sources */,
				294C014F2A3759740043AA98 /* Frameworks */,
				294C01502A3759740043AA98 /* Resources */,
			);
			buildRules = (
			);
			dependencies = (
				294C01542A3759740043AA98 /* PBXTargetDependency */,
			);
			name = "Noah AppTests";
			productName = "Noah AppTests";
			productReference = 294C01522A3759740043AA98 /* Noah AppTests.xctest */;
			productType = "com.apple.product-type.bundle.unit-test";
		};
		294C015B2A3759740043AA98 /* Noah AppUITests */ = {
			isa = PBXNativeTarget;
			buildConfigurationList = 294C016C2A3759740043AA98 /* Build configuration list for PBXNativeTarget "Noah AppUITests" */;
			buildPhases = (
				294C01582A3759740043AA98 /* Sources */,
				294C01592A3759740043AA98 /* Frameworks */,
				294C015A2A3759740043AA98 /* Resources */,
			);
			buildRules = (
			);
			dependencies = (
				294C015E2A3759740043AA98 /* PBXTargetDependency */,
			);
			name = "Noah AppUITests";
			productName = "Noah AppUITests";
			productReference = 294C015C2A3759740043AA98 /* Noah AppUITests.xctest */;
			productType = "com.apple.product-type.bundle.ui-testing";
		};
/* End PBXNativeTarget section */

/* Begin PBXProject section */
		294C01342A3759730043AA98 /* Project object */ = {
			isa = PBXProject;
			attributes = {
				BuildIndependentTargetsInParallel = 1;
				LastSwiftUpdateCheck = 1430;
				LastUpgradeCheck = 1430;
				TargetAttributes = {
					294C013B2A3759730043AA98 = {
						CreatedOnToolsVersion = 14.3.1;
					};
					294C01512A3759740043AA98 = {
						CreatedOnToolsVersion = 14.3.1;
						TestTargetID = 294C013B2A3759730043AA98;
					};
					294C015B2A3759740043AA98 = {
						CreatedOnToolsVersion = 14.3.1;
						TestTargetID = 294C013B2A3759730043AA98;
					};
				};
			};
			buildConfigurationList = 294C01372A3759730043AA98 /* Build configuration list for PBXProject "Noah App" */;
			compatibilityVersion = "Xcode 14.0";
			developmentRegion = en;
			hasScannedForEncodings = 0;
			knownRegions = (
				en,
				Base,
			);
			mainGroup = 294C01332A3759730043AA98;
			productRefGroup = 294C013D2A3759730043AA98 /* Products */;
			projectDirPath = "";
			projectRoot = "";
			targets = (
				294C013B2A3759730043AA98 /* Noah App */,
				294C01512A3759740043AA98 /* Noah AppTests */,
				294C015B2A3759740043AA98 /* Noah AppUITests */,
			);
		};
/* End PBXProject section */

/* Begin PBXResourcesBuildPhase section */
		294C013A2A3759730043AA98 /* Resources */ = {
			isa = PBXResourcesBuildPhase;
			buildActionMask = 2147483647;
			files = (
				294C014C2A3759740043AA98 /* LaunchScreen.storyboard in Resources */,
				294C01492A3759740043AA98 /* Assets.xcassets in Resources */,
				294C01472A3759730043AA98 /* Main.storyboard in Resources */,
			);
			runOnlyForDeploymentPostprocessing = 0;
		};
		294C01502A3759740043AA98 /* Resources */ = {
			isa = PBXResourcesBuildPhase;
			buildActionMask = 2147483647;
			files = (
			);
			runOnlyForDeploymentPostprocessing = 0;
		};
		294C015A2A3759740043AA98 /* Resources */ = {
			isa = PBXResourcesBuildPhase;
			buildActionMask = 2147483647;
			files = (
			);
			runOnlyForDeploymentPostprocessing = 0;
		};
/* End PBXResourcesBuildPhase section */

/* Begin PBXSourcesBuildPhase section */
		294C01382A3759730043AA98 /* Sources */ = {
			isa = PBXSourcesBuildPhase;
			buildActionMask = 2147483647;
			files = (
				294C01442A3759730043AA98 /* ViewController.swift in Sources */,
				294C01402A3759730043AA98 /* AppDelegate.swift in Sources */,
				294C01422A3759730043AA98 /* SceneDelegate.swift in Sources */,
			);
			runOnlyForDeploymentPostprocessing = 0;
		};
		294C014E2A3759740043AA98 /* Sources */ = {
			isa = PBXSourcesBuildPhase;
			buildActionMask = 2147483647;
			files = (
				294C01572A3759740043AA98 /* Noah_AppTests.swift in Sources */,
			);
			runOnlyForDeploymentPostprocessing = 0;
		};
		294C01582A3759740043AA98 /* Sources */ = {
			isa = PBXSourcesBuildPhase;
			buildActionMask = 2147483647;
			files = (
				294C01632A3759740043AA98 /* Noah_AppUITestsLaunchTests.swift in Sources */,
				294C01612A3759740043AA98 /* Noah_AppUITests.swift in Sources */,
			);
			runOnlyForDeploymentPostprocessing = 0;
		};
/* End PBXSourcesBuildPhase section */

/* Begin PBXTargetDependency section */
		294C01542A3759740043AA98 /* PBXTargetDependency */ = {
			isa = PBXTargetDependency;
			target = 294C013B2A3759730043AA98 /* Noah App */;
			targetProxy = 294C01532A3759740043AA98 /* PBXContainerItemProxy */;
		};
		294C015E2A3759740043AA98 /* PBXTargetDependency */ = {
			isa = PBXTargetDependency;
			target = 294C013B2A3759730043AA98 /* Noah App */;
			targetProxy = 294C015D2A3759740043AA98 /* PBXContainerItemProxy */;
		};
/* End PBXTargetDependency section */

/* Begin PBXVariantGroup section */
		294C01452A3759730043AA98 /* Main.storyboard */ = {
			isa = PBXVariantGroup;
			children = (
				294C01462A3759730043AA98 /* Base */,
			);
			name = Main.storyboard;
			sourceTree = "<group>";
		};
		294C014A2A3759740043AA98 /* LaunchScreen.storyboard */ = {
			isa = PBXVariantGroup;
			children = (
				294C014B2A3759740043AA98 /* Base */,
			);
			name = LaunchScreen.storyboard;
			sourceTree = "<group>";
		};
/* End PBXVariantGroup section */

/* Begin XCBuildConfiguration section */
		294C01642A3759740043AA98 /* Debug */ = {
			isa = XCBuildConfiguration;
			buildSettings = {
				ALWAYS_SEARCH_USER_PATHS = NO;
				CLANG_ANALYZER_NONNULL = YES;
				CLANG_ANALYZER_NUMBER_OBJECT_CONVERSION = YES_AGGRESSIVE;
				CLANG_CXX_LANGUAGE_STANDARD = "gnu++20";
				CLANG_ENABLE_MODULES = YES;
				CLANG_ENABLE_OBJC_ARC = YES;
				CLANG_ENABLE_OBJC_WEAK = YES;
				CLANG_WARN_BLOCK_CAPTURE_AUTORELEASING = YES;
				CLANG_WARN_BOOL_CONVERSION = YES;
				CLANG_WARN_COMMA = YES;
				CLANG_WARN_CONSTANT_CONVERSION = YES;
				CLANG_WARN_DEPRECATED_OBJC_IMPLEMENTATIONS = YES;
				CLANG_WARN_DIRECT_OBJC_ISA_USAGE = YES_ERROR;
				CLANG_WARN_DOCUMENTATION_COMMENTS = YES;
				CLANG_WARN_EMPTY_BODY = YES;
				CLANG_WARN_ENUM_CONVERSION = YES;
				CLANG_WARN_INFINITE_RECURSION = YES;
				CLANG_WARN_INT_CONVERSION = YES;
				CLANG_WARN_NON_LITERAL_NULL_CONVERSION = YES;
				CLANG_WARN_OBJC_IMPLICIT_RETAIN_SELF = YES;
				CLANG_WARN_OBJC_LITERAL_CONVERSION = YES;
				CLANG_WARN_OBJC_ROOT_CLASS = YES_ERROR;
				CLANG_WARN_QUOTED_INCLUDE_IN_FRAMEWORK_HEADER = YES;
				CLANG_WARN_RANGE_LOOP_ANALYSIS = YES;
				CLANG_WARN_STRICT_PROTOTYPES = YES;
				CLANG_WARN_SUSPICIOUS_MOVE = YES;
				CLANG_WARN_UNGUARDED_AVAILABILITY = YES_AGGRESSIVE;
				CLANG_WARN_UNREACHABLE_CODE = YES;
				CLANG_WARN__DUPLICATE_METHOD_MATCH = YES;
				COPY_PHASE_STRIP = NO;
				DEBUG_INFORMATION_FORMAT = dwarf;
				ENABLE_STRICT_OBJC_MSGSEND = YES;
				ENABLE_TESTABILITY = YES;
				GCC_C_LANGUAGE_STANDARD = gnu11;
				GCC_DYNAMIC_NO_PIC = NO;
				GCC_NO_COMMON_BLOCKS = YES;
				GCC_OPTIMIZATION_LEVEL = 0;
				GCC_PREPROCESSOR_DEFINITIONS = (
					"DEBUG=1",
					"$(inherited)",
				);
				GCC_WARN_64_TO_32_BIT_CONVERSION = YES;
				GCC_WARN_ABOUT_RETURN_TYPE = YES_ERROR;
				GCC_WARN_UNDECLARED_SELECTOR = YES;
				GCC_WARN_UNINITIALIZED_AUTOS = YES_AGGRESSIVE;
				GCC_WARN_UNUSED_FUNCTION = YES;
				GCC_WARN_UNUSED_VARIABLE = YES;
				IPHONEOS_DEPLOYMENT_TARGET = 11.0;
				MTL_ENABLE_DEBUG_INFO = INCLUDE_SOURCE;
				MTL_FAST_MATH = YES;
				ONLY_ACTIVE_ARCH = YES;
				SDKROOT = iphoneos;
				SWIFT_ACTIVE_COMPILATION_CONDITIONS = DEBUG;
				SWIFT_OPTIMIZATION_LEVEL = "-Onone";
			};
			name = Debug;
		};
		294C01652A3759740043AA98 /* Release */ = {
			isa = XCBuildConfiguration;
			buildSettings = {
				ALWAYS_SEARCH_USER_PATHS = NO;
				CLANG_ANALYZER_NONNULL = YES;
				CLANG_ANALYZER_NUMBER_OBJECT_CONVERSION = YES_AGGRESSIVE;
				CLANG_CXX_LANGUAGE_STANDARD = "gnu++20";
				CLANG_ENABLE_MODULES = YES;
				CLANG_ENABLE_OBJC_ARC = YES;
				CLANG_ENABLE_OBJC_WEAK = YES;
				CLANG_WARN_BLOCK_CAPTURE_AUTORELEASING = YES;
				CLANG_WARN_BOOL_CONVERSION = YES;
				CLANG_WARN_COMMA = YES;
				CLANG_WARN_CONSTANT_CONVERSION = YES;
				CLANG_WARN_DEPRECATED_OBJC_IMPLEMENTATIONS = YES;
				CLANG_WARN_DIRECT_OBJC_ISA_USAGE = YES_ERROR;
				CLANG_WARN_DOCUMENTATION_COMMENTS = YES;
				CLANG_WARN_EMPTY_BODY = YES;
				CLANG_WARN_ENUM_CONVERSION = YES;
				CLANG_WARN_INFINITE_RECURSION = YES;
				CLANG_WARN_INT_CONVERSION = YES;
				CLANG_WARN_NON_LITERAL_NULL_CONVERSION = YES;
				CLANG_WARN_OBJC_IMPLICIT_RETAIN_SELF = YES;
				CLANG_WARN_OBJC_LITERAL_CONVERSION = YES;
				CLANG_WARN_OBJC_ROOT_CLASS = YES_ERROR;
				CLANG_WARN_QUOTED_INCLUDE_IN_FRAMEWORK_HEADER = YES;
				CLANG_WARN_RANGE_LOOP_ANALYSIS = YES;
				CLANG_WARN_STRICT_PROTOTYPES = YES;
				CLANG_WARN_SUSPICIOUS_MOVE = YES;
				CLANG_WARN_UNGUARDED_AVAILABILITY = YES_AGGRESSIVE;
				CLANG_WARN_UNREACHABLE_CODE = YES;
				CLANG_WARN__DUPLICATE_METHOD_MATCH = YES;
				COPY_PHASE_STRIP = NO;
				DEBUG_INFORMATION_FORMAT = "dwarf-with-dsym";
				ENABLE_NS_ASSERTIONS = NO;
				ENABLE_STRICT_OBJC_MSGSEND = YES;
				GCC_C_LANGUAGE_STANDARD = gnu11;
				GCC_NO_COMMON_BLOCKS = YES;
				GCC_WARN_64_TO_32_BIT_CONVERSION = YES;
				GCC_WARN_ABOUT_RETURN_TYPE = YES_ERROR;
				GCC_WARN_UNDECLARED_SELECTOR = YES;
				GCC_WARN_UNINITIALIZED_AUTOS = YES_AGGRESSIVE;
				GCC_WARN_UNUSED_FUNCTION = YES;
				GCC_WARN_UNUSED_VARIABLE = YES;
				IPHONEOS_DEPLOYMENT_TARGET = 11.0;
				MTL_ENABLE_DEBUG_INFO = NO;
				MTL_FAST_MATH = YES;
				SDKROOT = iphoneos;
				SWIFT_COMPILATION_MODE = wholemodule;
				SWIFT_OPTIMIZATION_LEVEL = "-O";
				VALIDATE_PRODUCT = YES;
			};
			name = Release;
		};
		294C01672A3759740043AA98 /* Debug */ = {
			isa = XCBuildConfiguration;
			buildSettings = {
				ASSETCATALOG_COMPILER_APPICON_NAME = AppIcon;
				ASSETCATALOG_COMPILER_GLOBAL_ACCENT_COLOR_NAME = AccentColor;
				CODE_SIGN_IDENTITY = "Apple Development";
				CODE_SIGN_STYLE = Automatic;
				CURRENT_PROJECT_VERSION = 1001;
				DEVELOPMENT_TEAM = N78BZ9D434;
				GENERATE_INFOPLIST_FILE = YES;
				INFOPLIST_FILE = "Noah App/Info.plist";
				INFOPLIST_KEY_CFBundleDisplayName = NOAH;
				INFOPLIST_KEY_LSApplicationCategoryType = "public.app-category.finance";
				INFOPLIST_KEY_UIApplicationSupportsIndirectInputEvents = YES;
				INFOPLIST_KEY_UILaunchStoryboardName = LaunchScreen.storyboard;
				INFOPLIST_KEY_UIMainStoryboardFile = Main;
				INFOPLIST_KEY_UISupportedInterfaceOrientations = UIInterfaceOrientationPortrait;
				INFOPLIST_KEY_UISupportedInterfaceOrientations_iPad = "UIInterfaceOrientationLandscapeLeft UIInterfaceOrientationLandscapeRight UIInterfaceOrientationPortrait UIInterfaceOrientationPortraitUpsideDown";
				LD_RUNPATH_SEARCH_PATHS = (
					"$(inherited)",
					"@executable_path/Frameworks",
				);
				MARKETING_VERSION = 1.0.0;
				PRODUCT_BUNDLE_IDENTIFIER = "com.noah.Noah-App";
				PRODUCT_NAME = "$(TARGET_NAME)";
				PROVISIONING_PROFILE_SPECIFIER = "";
				SUPPORTED_PLATFORMS = "iphoneos iphonesimulator";
				SUPPORTS_MACCATALYST = NO;
				SUPPORTS_MAC_DESIGNED_FOR_IPHONE_IPAD = YES;
				SWIFT_EMIT_LOC_STRINGS = YES;
				SWIFT_VERSION = 5.0;
				TARGETED_DEVICE_FAMILY = 1;
			};
			name = Debug;
		};
		294C01682A3759740043AA98 /* Release */ = {
			isa = XCBuildConfiguration;
			buildSettings = {
				ASSETCATALOG_COMPILER_APPICON_NAME = AppIcon;
				ASSETCATALOG_COMPILER_GLOBAL_ACCENT_COLOR_NAME = AccentColor;
				CODE_SIGN_IDENTITY = "Apple Development";
				CODE_SIGN_STYLE = Automatic;
				CURRENT_PROJECT_VERSION = 1001;
				DEVELOPMENT_TEAM = N78BZ9D434;
				GENERATE_INFOPLIST_FILE = YES;
				INFOPLIST_FILE = "Noah App/Info.plist";
				INFOPLIST_KEY_CFBundleDisplayName = NOAH;
				INFOPLIST_KEY_LSApplicationCategoryType = "public.app-category.finance";
				INFOPLIST_KEY_UIApplicationSupportsIndirectInputEvents = YES;
				INFOPLIST_KEY_UILaunchStoryboardName = LaunchScreen.storyboard;
				INFOPLIST_KEY_UIMainStoryboardFile = Main;
				INFOPLIST_KEY_UISupportedInterfaceOrientations = UIInterfaceOrientationPortrait;
				INFOPLIST_KEY_UISupportedInterfaceOrientations_iPad = "UIInterfaceOrientationLandscapeLeft UIInterfaceOrientationLandscapeRight UIInterfaceOrientationPortrait UIInterfaceOrientationPortraitUpsideDown";
				LD_RUNPATH_SEARCH_PATHS = (
					"$(inherited)",
					"@executable_path/Frameworks",
				);
				MARKETING_VERSION = 1.0.0;
				PRODUCT_BUNDLE_IDENTIFIER = "com.noah.Noah-App";
				PRODUCT_NAME = "$(TARGET_NAME)";
				PROVISIONING_PROFILE_SPECIFIER = "";
				SUPPORTED_PLATFORMS = "iphoneos iphonesimulator";
				SUPPORTS_MACCATALYST = NO;
				SUPPORTS_MAC_DESIGNED_FOR_IPHONE_IPAD = YES;
				SWIFT_EMIT_LOC_STRINGS = YES;
				SWIFT_VERSION = 5.0;
				TARGETED_DEVICE_FAMILY = 1;
			};
			name = Release;
		};
		294C016A2A3759740043AA98 /* Debug */ = {
			isa = XCBuildConfiguration;
			buildSettings = {
				ALWAYS_EMBED_SWIFT_STANDARD_LIBRARIES = YES;
				BUNDLE_LOADER = "$(TEST_HOST)";
				CODE_SIGN_STYLE = Automatic;
				CURRENT_PROJECT_VERSION = 1;
				DEVELOPMENT_TEAM = N78BZ9D434;
				GENERATE_INFOPLIST_FILE = YES;
				IPHONEOS_DEPLOYMENT_TARGET = 16.4;
				MARKETING_VERSION = 1.0;
				PRODUCT_BUNDLE_IDENTIFIER = "com.noah.Noah-AppTests";
				PRODUCT_NAME = "$(TARGET_NAME)";
				SWIFT_EMIT_LOC_STRINGS = NO;
				SWIFT_VERSION = 5.0;
				TARGETED_DEVICE_FAMILY = "1,2";
				TEST_HOST = "$(BUILT_PRODUCTS_DIR)/Noah App.app/$(BUNDLE_EXECUTABLE_FOLDER_PATH)/Noah App";
			};
			name = Debug;
		};
		294C016B2A3759740043AA98 /* Release */ = {
			isa = XCBuildConfiguration;
			buildSettings = {
				ALWAYS_EMBED_SWIFT_STANDARD_LIBRARIES = YES;
				BUNDLE_LOADER = "$(TEST_HOST)";
				CODE_SIGN_STYLE = Automatic;
				CURRENT_PROJECT_VERSION = 1;
				DEVELOPMENT_TEAM = N78BZ9D434;
				GENERATE_INFOPLIST_FILE = YES;
				IPHONEOS_DEPLOYMENT_TARGET = 16.4;
				MARKETING_VERSION = 1.0;
				PRODUCT_BUNDLE_IDENTIFIER = "com.noah.Noah-AppTests";
				PRODUCT_NAME = "$(TARGET_NAME)";
				SWIFT_EMIT_LOC_STRINGS = NO;
				SWIFT_VERSION = 5.0;
				TARGETED_DEVICE_FAMILY = "1,2";
				TEST_HOST = "$(BUILT_PRODUCTS_DIR)/Noah App.app/$(BUNDLE_EXECUTABLE_FOLDER_PATH)/Noah App";
			};
			name = Release;
		};
		294C016D2A3759740043AA98 /* Debug */ = {
			isa = XCBuildConfiguration;
			buildSettings = {
				ALWAYS_EMBED_SWIFT_STANDARD_LIBRARIES = YES;
				CODE_SIGN_STYLE = Automatic;
				CURRENT_PROJECT_VERSION = 1;
				DEVELOPMENT_TEAM = N78BZ9D434;
				GENERATE_INFOPLIST_FILE = YES;
				MARKETING_VERSION = 1.0;
				PRODUCT_BUNDLE_IDENTIFIER = "com.noah.Noah-AppUITests";
				PRODUCT_NAME = "$(TARGET_NAME)";
				SWIFT_EMIT_LOC_STRINGS = NO;
				SWIFT_VERSION = 5.0;
				TARGETED_DEVICE_FAMILY = "1,2";
				TEST_TARGET_NAME = "Noah App";
			};
			name = Debug;
		};
		294C016E2A3759740043AA98 /* Release */ = {
			isa = XCBuildConfiguration;
			buildSettings = {
				ALWAYS_EMBED_SWIFT_STANDARD_LIBRARIES = YES;
				CODE_SIGN_STYLE = Automatic;
				CURRENT_PROJECT_VERSION = 1;
				DEVELOPMENT_TEAM = N78BZ9D434;
				GENERATE_INFOPLIST_FILE = YES;
				MARKETING_VERSION = 1.0;
				PRODUCT_BUNDLE_IDENTIFIER = "com.noah.Noah-AppUITests";
				PRODUCT_NAME = "$(TARGET_NAME)";
				SWIFT_EMIT_LOC_STRINGS = NO;
				SWIFT_VERSION = 5.0;
				TARGETED_DEVICE_FAMILY = "1,2";
				TEST_TARGET_NAME = "Noah App";
			};
			name = Release;
		};
/* End XCBuildConfiguration section */

/* Begin XCConfigurationList section */
		294C01372A3759730043AA98 /* Build configuration list for PBXProject "Noah App" */ = {
			isa = XCConfigurationList;
			buildConfigurations = (
				294C01642A3759740043AA98 /* Debug */,
				294C01652A3759740043AA98 /* Release */,
			);
			defaultConfigurationIsVisible = 0;
			defaultConfigurationName = Release;
		};
		294C01662A3759740043AA98 /* Build configuration list for PBXNativeTarget "Noah App" */ = {
			isa = XCConfigurationList;
			buildConfigurations = (
				294C01672A3759740043AA98 /* Debug */,
				294C01682A3759740043AA98 /* Release */,
			);
			defaultConfigurationIsVisible = 0;
			defaultConfigurationName = Release;
		};
		294C01692A3759740043AA98 /* Build configuration list for PBXNativeTarget "Noah AppTests" */ = {
			isa = XCConfigurationList;
			buildConfigurations = (
				294C016A2A3759740043AA98 /* Debug */,
				294C016B2A3759740043AA98 /* Release */,
			);
			defaultConfigurationIsVisible = 0;
			defaultConfigurationName = Release;
		};
		294C016C2A3759740043AA98 /* Build configuration list for PBXNativeTarget "Noah AppUITests" */ = {
			isa = XCConfigurationList;
			buildConfigurations = (
				294C016D2A3759740043AA98 /* Debug */,
				294C016E2A3759740043AA98 /* Release */,
			);
			defaultConfigurationIsVisible = 0;
			defaultConfigurationName = Release;
		};
/* End XCConfigurationList section */
	};
	rootObject = 294C01342A3759730043AA98 /* Project object */;
}
